# THIS IS AN AUTOGENERATED FILE. DO NOT EDIT THIS FILE DIRECTLY.
# yarn lockfile v1


"@cropper/element-canvas@^2.1.1":
  version "2.1.1"
  resolved "https://registry.yarnpkg.com/@cropper/element-canvas/-/element-canvas-2.1.1.tgz#9dff3608a407b4c92bb634be1eb9016d262a5ed7"
  integrity sha512-QHiHnPHsykkc4salOiCLOIKWPK3sLQ1SzpJYFE/yQPvqTPu6ERZNcxVwB1x7WhNN+SdP0S0CEHPYIkgIfUo7VA==
  dependencies:
    "@cropper/element" "^2.1.1"
    "@cropper/utils" "^2.1.1"

"@cropper/element-crosshair@^2.1.1":
  version "2.1.1"
  resolved "https://registry.yarnpkg.com/@cropper/element-crosshair/-/element-crosshair-2.1.1.tgz#8b3a92c073717fb26ae69c9063441b094162d417"
  integrity sha512-DtZnOiY2RZSizDZzMUvya3wZ55YnWclf3hmIrLW6jdcFlQkYEbX6bkOyOJzQmEX0yIbmwMkXfFcMkEZ9dE1rJQ==
  dependencies:
    "@cropper/element" "^2.1.1"
    "@cropper/utils" "^2.1.1"

"@cropper/element-grid@^2.1.1":
  version "2.1.1"
  resolved "https://registry.yarnpkg.com/@cropper/element-grid/-/element-grid-2.1.1.tgz#ed4216a5518a2cf0fdfa650979b21ddfb86f7e2a"
  integrity sha512-MZdPBh5QMU10T78nqG+5cK+gq4DHoWZvdOo+/wZ9/z3VH0u21sROeHOCnf0QAdxguPHSSFsPjzARK+ffS4Loog==
  dependencies:
    "@cropper/element" "^2.1.1"
    "@cropper/utils" "^2.1.1"

"@cropper/element-handle@^2.1.1":
  version "2.1.1"
  resolved "https://registry.yarnpkg.com/@cropper/element-handle/-/element-handle-2.1.1.tgz#54d9e752fecf085c4c97f2bd149a249a3c117e34"
  integrity sha512-TmSSphyMr2NEA0DqUTf9PCN8kcpzM0BxreOMyzbfuq1NUUePV1LxYgSOUT7dftMjZnTcu8cHQeFYa69U2BZnBA==
  dependencies:
    "@cropper/element" "^2.1.1"
    "@cropper/utils" "^2.1.1"

"@cropper/element-image@^2.1.1":
  version "2.1.1"
  resolved "https://registry.yarnpkg.com/@cropper/element-image/-/element-image-2.1.1.tgz#a8b5f75c05a32eaf044f2b18e1a1be042c8e6f63"
  integrity sha512-cldzN3hVJo0Luui+FDSIkmbQtwIjxWiTcTMLCMSi3hqIq6lc7YOBz+rC5R8AYnYV7YvsWonE6PrJZS+iZpBkdQ==
  dependencies:
    "@cropper/element" "^2.1.1"
    "@cropper/element-canvas" "^2.1.1"
    "@cropper/utils" "^2.1.1"

"@cropper/element-selection@^2.1.1":
  version "2.1.1"
  resolved "https://registry.yarnpkg.com/@cropper/element-selection/-/element-selection-2.1.1.tgz#dcf44f82b788f863b93bae97e93947961aaa99eb"
  integrity sha512-QtMYhcuR+8JG3QEv8iSRCfQEVYljor61vLPrnGCFIkDJhvcyEWDx4H/Kfn6Jrdo90PyXf2VbpTG7TgH8i/EZFg==
  dependencies:
    "@cropper/element" "^2.1.1"
    "@cropper/element-canvas" "^2.1.1"
    "@cropper/element-image" "^2.1.1"
    "@cropper/utils" "^2.1.1"

"@cropper/element-shade@^2.1.1":
  version "2.1.1"
  resolved "https://registry.yarnpkg.com/@cropper/element-shade/-/element-shade-2.1.1.tgz#d62ce7fb5511fa8fb0686f90004a18ee3b07648b"
  integrity sha512-MhJVc3jC87TjQu4EfBnNFddL3LxvA+Wzjy1Qhyi0wNdeTAzs97uYJ3KwGVtvzPYP/4JaSU4JDpw+BfIdUqR0bg==
  dependencies:
    "@cropper/element" "^2.1.1"
    "@cropper/element-canvas" "^2.1.1"
    "@cropper/element-selection" "^2.1.1"
    "@cropper/utils" "^2.1.1"

"@cropper/element-viewer@^2.1.1":
  version "2.1.1"
  resolved "https://registry.yarnpkg.com/@cropper/element-viewer/-/element-viewer-2.1.1.tgz#1f85379c5b4011e5e0a5584a41daeb27d922e275"
  integrity sha512-RpXTGW/rTtJVNd3/R3imdCBJzyZRhA/OeWNo7RID4qW7UYEiL6Lwh7Six3QhFIci/IaUAyL9NAAN10av2YWqog==
  dependencies:
    "@cropper/element" "^2.1.1"
    "@cropper/element-canvas" "^2.1.1"
    "@cropper/element-image" "^2.1.1"
    "@cropper/element-selection" "^2.1.1"
    "@cropper/utils" "^2.1.1"

"@cropper/element@^2.1.1":
  version "2.1.1"
  resolved "https://registry.yarnpkg.com/@cropper/element/-/element-2.1.1.tgz#7ca798f794941429b91214393511638c0210f913"
  integrity sha512-pthgIQq3PFAFRGUts96yrMgmMY/4rS/zKEq/Vvw7L0Ur09MgzrUg15z4k96K53bJ8XvNeXdQ0qIDw90gh4Xcug==
  dependencies:
    "@cropper/utils" "^2.1.1"

"@cropper/elements@^2.1.1":
  version "2.1.1"
  resolved "https://registry.yarnpkg.com/@cropper/elements/-/elements-2.1.1.tgz#62688b348c9d54901d34044ed0fbef32f34ecfde"
  integrity sha512-cHShk4l6iExM4S6B1xx7+09gtDs+kdxWqe7Yv6DEbAyWhxVIVJyJAPpKlzLfA5MYnlSnkvCvY66hLLQPwooRMQ==
  dependencies:
    "@cropper/element" "^2.1.1"
    "@cropper/element-canvas" "^2.1.1"
    "@cropper/element-crosshair" "^2.1.1"
    "@cropper/element-grid" "^2.1.1"
    "@cropper/element-handle" "^2.1.1"
    "@cropper/element-image" "^2.1.1"
    "@cropper/element-selection" "^2.1.1"
    "@cropper/element-shade" "^2.1.1"
    "@cropper/element-viewer" "^2.1.1"

"@cropper/utils@^2.1.1":
  version "2.1.1"
  resolved "https://registry.yarnpkg.com/@cropper/utils/-/utils-2.1.1.tgz#dbdc6da1f7a1733191ada31667c861222702e750"
  integrity sha512-0eQs08WyQUNFMfU3ieE091dEQkrW0YdgZ3n6Thnk1EUQv45ypfiL+MevHwr7UzNnUlqUYR2FNSCgE6qBxK0sFw==

"@types/trusted-types@^2.0.7":
  version "2.0.7"
  resolved "https://registry.yarnpkg.com/@types/trusted-types/-/trusted-types-2.0.7.tgz#baccb07a970b91707df3a3e8ba6896c57ead2d11"
  integrity sha512-ScaPdn1dQczgbl0QFTeTOmVHFULt394XJgOQNoyVhZ6r2vLnMLJfBPd53SB52T/3G36VI1/g2MZaX0cwDuXsfw==

"@types/web-bluetooth@^0.0.20":
  version "0.0.20"
  resolved "https://registry.yarnpkg.com/@types/web-bluetooth/-/web-bluetooth-0.0.20.tgz#f066abfcd1cbe66267cdbbf0de010d8a41b41597"
  integrity sha512-g9gZnnXVq7gM7v3tJCWV/qw7w+KeOlSHAhgF9RytFyifW6AF61hdT2ucrYhPq9hLs5JIryeupHV3qGk95dH9ow==

"@vueuse/core@^10.11.1":
  version "10.11.1"
  resolved "https://registry.yarnpkg.com/@vueuse/core/-/core-10.11.1.tgz#15d2c0b6448d2212235b23a7ba29c27173e0c2c6"
  integrity sha512-guoy26JQktXPcz+0n3GukWIy/JDNKti9v6VEMu6kV2sYBsWuGiTU8OWdg+ADfUbHg3/3DlqySDe7JmdHrktiww==
  dependencies:
    "@types/web-bluetooth" "^0.0.20"
    "@vueuse/metadata" "10.11.1"
    "@vueuse/shared" "10.11.1"
    vue-demi ">=0.14.8"

"@vueuse/metadata@10.11.1":
  version "10.11.1"
  resolved "https://registry.yarnpkg.com/@vueuse/metadata/-/metadata-10.11.1.tgz#209db7bb5915aa172a87510b6de2ca01cadbd2a7"
  integrity sha512-IGa5FXd003Ug1qAZmyE8wF3sJ81xGLSqTqtQ6jaVfkeZ4i5kS2mwQF61yhVqojRnenVew5PldLyRgvdl4YYuSw==

"@vueuse/shared@10.11.1":
  version "10.11.1"
  resolved "https://registry.yarnpkg.com/@vueuse/shared/-/shared-10.11.1.tgz#62b84e3118ae6e1f3ff38f4fbe71b0c5d0f10938"
  integrity sha512-LHpC8711VFZlDaYUXEBbFBCQ7GS3dVU9mjOhhMhXP6txTV4EhYQg/KGnQuvt/sPAtoUKq7VVUnL6mVtFoL42sA==
  dependencies:
    vue-demi ">=0.14.8"

cropperjs@^2.1.1:
  version "2.1.1"
  resolved "https://registry.yarnpkg.com/cropperjs/-/cropperjs-2.1.1.tgz#b817cd17a6a4f0d63433d7568708496fb6f12f49"
  integrity sha512-FDJMarkY+/SepYarPZsvkG2LmI2PElecciMFnvBiBIoKnFYua/scprC5qejCLLyuX2jEqJRS2njbAsHxfjtIXA==
  dependencies:
    "@cropper/elements" "^2.1.1"
    "@cropper/utils" "^2.1.1"

dompurify@^3.4.0:
  version "3.4.12"
  resolved "https://registry.yarnpkg.com/dompurify/-/dompurify-3.4.12.tgz#6fa2265e9bbdce882c4ace4107626051b448ffa8"
  integrity sha512-zQvGet8Z2sWbQhCmfFz/T5QWH2oBmjnqK3qvOjaqaNLrLEF912WamU+ohnTp0TCep/MFVHpdJuCZEdFOdTnEFg==
  optionalDependencies:
    "@types/trusted-types" "^2.0.7"

leaflet-draw@^1.0.4:
  version "1.0.4"
  resolved "https://registry.yarnpkg.com/leaflet-draw/-/leaflet-draw-1.0.4.tgz#45be92f378ed253e7202fdeda1fcc71885198d46"
  integrity sha512-rsQ6saQO5ST5Aj6XRFylr5zvarWgzWnrg46zQ1MEOEIHsppdC/8hnN8qMoFvACsPvTioAuysya/TVtog15tyAQ==

leaflet.locatecontrol@^0.89.0:
  version "0.89.1"
  resolved "https://registry.yarnpkg.com/leaflet.locatecontrol/-/leaflet.locatecontrol-0.89.1.tgz#738600d190c566d9f6cf83582cd9bd9c20b2c3a6"
  integrity sha512-okZEUsGa8955vjoaeG/tkqALRxpaiRkpUOiuk+C99g8aK9kKjWMHWXREdepFzFQUR1KAKTZHCS36MferLAKUvA==

leaflet@^1.9.4:
  version "1.9.4"
  resolved "https://registry.yarnpkg.com/leaflet/-/leaflet-1.9.4.tgz#23fae724e282fa25745aff82ca4d394748db7d8d"
  integrity sha512-nxS1ynzJOmOlHp+iL3FyWqK89GtNL8U8rvlMOsQdTTssxZwCXh8N2NB3GDQOL+YR3XnWyZAxwQixURb+FA74PA==

sortablejs@1.14.0:
  version "1.14.0"
  resolved "https://registry.yarnpkg.com/sortablejs/-/sortablejs-1.14.0.tgz#6d2e17ccbdb25f464734df621d4f35d4ab35b3d8"
  integrity sha512-pBXvQCs5/33fdN1/39pPL0NZF20LeRbLQ5jtnheIPN9JQAaufGjKdWduZn4U7wCtVuzKhmRkI0DFYHYRbB2H1w==

vue-demi@>=0.14.8:
  version "0.14.10"
  resolved "https://registry.yarnpkg.com/vue-demi/-/vue-demi-0.14.10.tgz#afc78de3d6f9e11bf78c55e8510ee12814522f04"
  integrity sha512-nMZBOwuzabUO0nLgIcc6rycZEebF6eeUfaiQx9+WSk8e29IbLvPU9feI6tqW4kTo3hvoYAJkMh8n8D0fuISphg==

vuedraggable@^4.1.0:
  version "4.1.0"
  resolved "https://registry.yarnpkg.com/vuedraggable/-/vuedraggable-4.1.0.tgz#edece68adb8a4d9e06accff9dfc9040e66852270"
  integrity sha512-FU5HCWBmsf20GpP3eudURW3WdWTKIbEIQxh9/8GE806hydR9qZqRRxRE3RjqX7PkuLuMQG/A7n3cfj9rCEchww==
  dependencies:
    sortablejs "1.14.0"
